
Microsoft Visual Studio Solution File, Format Version 12.00
# Visual Studio 15
VisualStudioVersion = 15.0.27130.2020
MinimumVisualStudioVersion = 10.0.40219.1
Project("{FAE04EC0-301F-11D3-BF4B-00C04F79EFBC}") = "Sport_Stat", "Sport_Stat\Sport_Stat.csproj", "{3F0A84ED-5A84-4261-BF97-91F1469AD329}"
EndProject
Global
	GlobalSection(SolutionConfigurationPlatforms) = preSolution
		Debug|Any CPU = Debug|Any CPU
		Release|Any CPU = Release|Any CPU
	EndGlobalSection
	GlobalSection(ProjectConfigurationPlatforms) = postSolution
		{3F0A84ED-5A84-4261-BF97-91F1469AD329}.Debug|Any CPU.ActiveCfg = Debug|Any CPU
		{3F0A84ED-5A84-4261-BF97-91F1469AD329}.Debug|Any CPU.Build.0 = Debug|Any CPU
		{3F0A84ED-5A84-4261-BF97-91F1469AD329}.Release|Any CPU.ActiveCfg = Release|Any CPU
		{3F0A84ED-5A84-4261-BF97-91F1469AD329}.Release|Any CPU.Build.0 = Release|Any CPU
	EndGlobalSection
	GlobalSection(SolutionProperties) = preSolution
		HideSolutionNode = FALSE
	EndGlobalSection
	GlobalSection(ExtensibilityGlobals) = postSolution
		SolutionGuid = {9974C178-D02E-4A80-8CB4-C8AA048FBB6F}
	EndGlobalSection
EndGlobal
